
Microsoft Visual Studio Solution File, Format Version 12.00
# Visual Studio Version 16
VisualStudioVersion = 16.0.30804.86
MinimumVisualStudioVersion = 10.0.40219.1
Project("{9A19103F-16F7-4668-BE54-9A1E7A4F7556}") = "VolumeIntersectionLibrary", "VolumeIntersectionLibrary\VolumeIntersectionLibrary.csproj", "{BF86AD26-3946-43BE-8535-DE2DCAB26E1C}"
EndProject
Project("{FAE04EC0-301F-11D3-BF4B-00C04F79EFBC}") = "VolumeIntersectionExample", "VolumeIntersectionExample\VolumeIntersectionExample.csproj", "{24564C9A-144B-45C5-BC64-BCB8D588B639}"
EndProject
Project("{9A19103F-16F7-4668-BE54-9A1E7A4F7556}") = "MIConvexHull.NET Standard", "MIConvexHull.NET Standard\MIConvexHull.NET Standard.csproj", "{2A7569AD-725F-4E9F-9A54-BE45A1306A26}"
EndProject
Global
	GlobalSection(SolutionConfigurationPlatforms) = preSolution
		Debug|Any CPU = Debug|Any CPU
		Release|Any CPU = Release|Any CPU
	EndGlobalSection
	GlobalSection(ProjectConfigurationPlatforms) = postSolution
		{BF86AD26-3946-43BE-8535-DE2DCAB26E1C}.Debug|Any CPU.ActiveCfg = Debug|Any CPU
		{BF86AD26-3946-43BE-8535-DE2DCAB26E1C}.Debug|Any CPU.Build.0 = Debug|Any CPU
		{BF86AD26-3946-43BE-8535-DE2DCAB26E1C}.Release|Any CPU.ActiveCfg = Release|Any CPU
		{BF86AD26-3946-43BE-8535-DE2DCAB26E1C}.Release|Any CPU.Build.0 = Release|Any CPU
		{24564C9A-144B-45C5-BC64-BCB8D588B639}.Debug|Any CPU.ActiveCfg = Debug|Any CPU
		{24564C9A-144B-45C5-BC64-BCB8D588B639}.Debug|Any CPU.Build.0 = Debug|Any CPU
		{24564C9A-144B-45C5-BC64-BCB8D588B639}.Release|Any CPU.ActiveCfg = Release|Any CPU
		{24564C9A-144B-45C5-BC64-BCB8D588B639}.Release|Any CPU.Build.0 = Release|Any CPU
		{2A7569AD-725F-4E9F-9A54-BE45A1306A26}.Debug|Any CPU.ActiveCfg = Debug|Any CPU
		{2A7569AD-725F-4E9F-9A54-BE45A1306A26}.Debug|Any CPU.Build.0 = Debug|Any CPU
		{2A7569AD-725F-4E9F-9A54-BE45A1306A26}.Release|Any CPU.ActiveCfg = Release|Any CPU
		{2A7569AD-725F-4E9F-9A54-BE45A1306A26}.Release|Any CPU.Build.0 = Release|Any CPU
	EndGlobalSection
	GlobalSection(SolutionProperties) = preSolution
		HideSolutionNode = FALSE
	EndGlobalSection
	GlobalSection(ExtensibilityGlobals) = postSolution
		SolutionGuid = {260D9856-C8EB-458E-A403-894B768F7058}
	EndGlobalSection
EndGlobal
